
Microsoft Visual Studio Solution File, Format Version 12.00
# Visual Studio 14
VisualStudioVersion = 14.0.25420.1
MinimumVisualStudioVersion = 10.0.40219.1
Project("{FAE04EC0-301F-11D3-BF4B-00C04F79EFBC}") = "MEGA", "MEGA\MEGA.csproj", "{5328662E-C613-4B58-BCD1-A2BB6A5B17AE}"
EndProject
Project("{FAE04EC0-301F-11D3-BF4B-00C04F79EFBC}") = "DB", "DB\DB.csproj", "{B0015DD0-D3CE-447D-ADE9-666EC0B2710A}"
EndProject
Global
	GlobalSection(SolutionConfigurationPlatforms) = preSolution
		Debug|Any CPU = Debug|Any CPU
		Release|Any CPU = Release|Any CPU
	EndGlobalSection
	GlobalSection(ProjectConfigurationPlatforms) = postSolution
		{5328662E-C613-4B58-BCD1-A2BB6A5B17AE}.Debug|Any CPU.ActiveCfg = Debug|Any CPU
		{5328662E-C613-4B58-BCD1-A2BB6A5B17AE}.Debug|Any CPU.Build.0 = Debug|Any CPU
		{5328662E-C613-4B58-BCD1-A2BB6A5B17AE}.Release|Any CPU.ActiveCfg = Release|Any CPU
		{5328662E-C613-4B58-BCD1-A2BB6A5B17AE}.Release|Any CPU.Build.0 = Release|Any CPU
		{B0015DD0-D3CE-447D-ADE9-666EC0B2710A}.Debug|Any CPU.ActiveCfg = Debug|Any CPU
		{B0015DD0-D3CE-447D-ADE9-666EC0B2710A}.Debug|Any CPU.Build.0 = Debug|Any CPU
		{B0015DD0-D3CE-447D-ADE9-666EC0B2710A}.Release|Any CPU.ActiveCfg = Release|Any CPU
		{B0015DD0-D3CE-447D-ADE9-666EC0B2710A}.Release|Any CPU.Build.0 = Release|Any CPU
	EndGlobalSection
	GlobalSection(SolutionProperties) = preSolution
		HideSolutionNode = FALSE
	EndGlobalSection
EndGlobal
